
Microsoft Visual Studio Solution File, Format Version 12.00
# Visual Studio 15
VisualStudioVersion = 15.0.25914.0
MinimumVisualStudioVersion = 10.0.40219.1
Project("{E24C65DC-7377-472B-9ABA-BC803B73C61A}") = "UserTest", "..\..\WebSites\UserTest\", "{845F857E-C291-47E1-8C2E-FA79C6F1705A}"
	ProjectSection(WebsiteProperties) = preProject
		TargetFrameworkMoniker = ".NETFramework,Version%3Dv4.5.2"
		Debug.AspNetCompiler.VirtualPath = "/localhost_57098"
		Debug.AspNetCompiler.PhysicalPath = "..\..\WebSites\UserTest\"
		Debug.AspNetCompiler.TargetPath = "PrecompiledWeb\localhost_57098\"
		Debug.AspNetCompiler.Updateable = "true"
		Debug.AspNetCompiler.ForceOverwrite = "true"
		Debug.AspNetCompiler.FixedNames = "false"
		Debug.AspNetCompiler.Debug = "True"
		Release.AspNetCompiler.VirtualPath = "/localhost_57098"
		Release.AspNetCompiler.PhysicalPath = "..\..\WebSites\UserTest\"
		Release.AspNetCompiler.TargetPath = "PrecompiledWeb\localhost_57098\"
		Release.AspNetCompiler.Updateable = "true"
		Release.AspNetCompiler.ForceOverwrite = "true"
		Release.AspNetCompiler.FixedNames = "false"
		Release.AspNetCompiler.Debug = "False"
		VWDPort = "57098"
		SlnRelativePath = "..\..\WebSites\UserTest\"
		DefaultWebSiteLanguage = "Visual C#"
	EndProjectSection
EndProject
Global
	GlobalSection(SolutionConfigurationPlatforms) = preSolution
		Debug|Any CPU = Debug|Any CPU
	EndGlobalSection
	GlobalSection(ProjectConfigurationPlatforms) = postSolution
		{845F857E-C291-47E1-8C2E-FA79C6F1705A}.Debug|Any CPU.ActiveCfg = Debug|Any CPU
		{845F857E-C291-47E1-8C2E-FA79C6F1705A}.Debug|Any CPU.Build.0 = Debug|Any CPU
	EndGlobalSection
	GlobalSection(SolutionProperties) = preSolution
		HideSolutionNode = FALSE
	EndGlobalSection
EndGlobal
